<?xml version="1.0" encoding="utf-8"?>
<Project ToolsVersion="4.0" xmlns="http://schemas.microsoft.com/developer/msbuild/2003">
	<ItemGroup>
		<Filter Include="Source Files">
			<UniqueIdentifier>{4FC737F1-C7A5-4376-A066-2A32D752A2FF}</UniqueIdentifier>
			<Extensions>cpp;c;cc;cxx;def;odl;idl;hpj;bat;asm;asmx;user</Extensions>
		</Filter>
		<Filter Include="Header Files">
			<UniqueIdentifier>{93995380-89BD-4b04-88EB-625FBE52EBFB}</UniqueIdentifier>
			<Extensions>h;hh;hpp;hxx;hm;inl;inc;xsd</Extensions>
		</Filter>
		<Filter Include="Resource Files">
			<UniqueIdentifier>{67DA6AB6-F800-4c08-8B7A-83BB121AAD01}</UniqueIdentifier>
			<Extensions>rc;ico;cur;bmp;dlg;rc2;rct;bin;rgs;gif;jpg;jpeg;jpe;resx;tiff;tif;png;wav;manifest;mfcribbon - ms</Extensions>
		</Filter>
	</ItemGroup>
	<ItemGroup>
		<ClInclude Include="stdafx.h">
			<Filter>Header Files</Filter>
		</ClInclude>
		<ClInclude Include="targetver.h">
			<Filter>Header Files</Filter>
		</ClInclude>
		<ClInclude Include="Resource.h">
			<Filter>Header Files</Filter>
		</ClInclude>
		<ClInclude Include="Windows_HorarioDICIS.h">
			<Filter>Header Files</Filter>
		</ClInclude>
		<ClInclude Include="Wintempla.h">
			<Filter>Header Files</Filter>
		</ClInclude>
		<ClInclude Include="WintemplaWin.h">
			<Filter>Header Files</Filter>
		</ClInclude>
	</ItemGroup>
	<ItemGroup>
		<ClCompile Include="stdafx.cpp">
			<Filter>Source Files</Filter>
		</ClCompile>
		<ClCompile Include="Windows_HorarioDICIS.cpp">
			<Filter>Source Files</Filter>
		</ClCompile>
		<ClCompile Include="Wintempla.cpp">
			<Filter>Source Files</Filter>
		</ClCompile>
		<ClCompile Include="WintemplaWin.cpp">
			<Filter>Source Files</Filter>
		</ClCompile>
	</ItemGroup>
	<ItemGroup>
		<ResourceCompile Include="Windows_HorarioDICIS.rc">
			<Filter>Resource Files</Filter>
		</ResourceCompile>
	</ItemGroup>
	<ItemGroup>
		<Image Include="Windows_HorarioDICIS.ico">
			<Filter>Resource Files</Filter>
		</Image>
		<Image Include="about.ico.ico">
			<Filter>Resource Files</Filter>
		</Image>
		<Image Include="add.ico.ico">
			<Filter>Resource Files</Filter>
		</Image>
		<Image Include="addd.ico.ico">
			<Filter>Resource Files</Filter>
		</Image>
		<Image Include="cart.ico.ico">
			<Filter>Resource Files</Filter>
		</Image>
		<Image Include="cartd.ico.ico">
			<Filter>Resource Files</Filter>
		</Image>
		<Image Include="client.ico.ico">
			<Filter>Resource Files</Filter>
		</Image>
		<Image Include="copy.ico.ico">
			<Filter>Resource Files</Filter>
		</Image>
		<Image Include="cost.ico.ico">
			<Filter>Resource Files</Filter>
		</Image>
		<Image Include="cut.ico.ico">
			<Filter>Resource Files</Filter>
		</Image>
		<Image Include="cutd.ico.ico">
			<Filter>Resource Files</Filter>
		</Image>
		<Image Include="data_view.ico.ico">
			<Filter>Resource Files</Filter>
		</Image>
		<Image Include="delete.ico.ico">
			<Filter>Resource Files</Filter>
		</Image>
		<Image Include="deleted.ico.ico">
			<Filter>Resource Files</Filter>
		</Image>
		<Image Include="edit.ico.ico">
			<Filter>Resource Files</Filter>
		</Image>
		<Image Include="editd.ico.ico">
			<Filter>Resource Files</Filter>
		</Image>
		<Image Include="employee.ico.ico">
			<Filter>Resource Files</Filter>
		</Image>
		<Image Include="filter.ico.ico">
			<Filter>Resource Files</Filter>
		</Image>
		<Image Include="filterd.ico.ico">
			<Filter>Resource Files</Filter>
		</Image>
		<Image Include="graph.ico.ico">
			<Filter>Resource Files</Filter>
		</Image>
		<Image Include="help.ico.ico">
			<Filter>Resource Files</Filter>
		</Image>
		<Image Include="money.ico.ico">
			<Filter>Resource Files</Filter>
		</Image>
		<Image Include="moneyd.ico.ico">
			<Filter>Resource Files</Filter>
		</Image>
		<Image Include="msexcel.ico.ico">
			<Filter>Resource Files</Filter>
		</Image>
		<Image Include="msword.ico.ico">
			<Filter>Resource Files</Filter>
		</Image>
		<Image Include="new.ico.ico">
			<Filter>Resource Files</Filter>
		</Image>
		<Image Include="open.ico.ico">
			<Filter>Resource Files</Filter>
		</Image>
		<Image Include="paste.ico.ico">
			<Filter>Resource Files</Filter>
		</Image>
		<Image Include="people.ico.ico">
			<Filter>Resource Files</Filter>
		</Image>
		<Image Include="print.ico.ico">
			<Filter>Resource Files</Filter>
		</Image>
		<Image Include="printd.ico.ico">
			<Filter>Resource Files</Filter>
		</Image>
		<Image Include="print_preview.ico.ico">
			<Filter>Resource Files</Filter>
		</Image>
		<Image Include="print_previewd.ico.ico">
			<Filter>Resource Files</Filter>
		</Image>
		<Image Include="redo.ico.ico">
			<Filter>Resource Files</Filter>
		</Image>
		<Image Include="redod.ico.ico">
			<Filter>Resource Files</Filter>
		</Image>
		<Image Include="refresh.ico.ico">
			<Filter>Resource Files</Filter>
		</Image>
		<Image Include="refreshd.ico.ico">
			<Filter>Resource Files</Filter>
		</Image>
		<Image Include="save.ico.ico">
			<Filter>Resource Files</Filter>
		</Image>
		<Image Include="saved.ico.ico">
			<Filter>Resource Files</Filter>
		</Image>
		<Image Include="search.ico.ico">
			<Filter>Resource Files</Filter>
		</Image>
		<Image Include="searchd.ico.ico">
			<Filter>Resource Files</Filter>
		</Image>
		<Image Include="tutorial.ico.ico">
			<Filter>Resource Files</Filter>
		</Image>
		<Image Include="undo.ico.ico">
			<Filter>Resource Files</Filter>
		</Image>
		<Image Include="undod.ico.ico">
			<Filter>Resource Files</Filter>
		</Image>
		<Image Include="xy_graph.ico.ico">
			<Filter>Resource Files</Filter>
		</Image>
	</ItemGroup>
	<ItemGroup>
		<Manifest Include="Windows_HorarioDICIS.exe.manifest" >
			<Filter>Resource Files</Filter>
		</Manifest>
	</ItemGroup>
</Project>
